
Microsoft Visual Studio Solution File, Format Version 12.00
# Visual Studio 2013
VisualStudioVersion = 12.0.0.0
MinimumVisualStudioVersion = 10.0.0.1
Project("{8BB2217D-0F2D-49D1-97BC-3654ED321F3B}") = "apartment_renovation_cost", "apartment-renovation-cost.xproj", "{3E7E125F-0E2D-40DB-9B23-0CF1721BFD49}"
EndProject
Global
	GlobalSection(SolutionConfigurationPlatforms) = preSolution
		Debug|Any CPU = Debug|Any CPU
		Release|Any CPU = Release|Any CPU
	EndGlobalSection
	GlobalSection(ProjectConfigurationPlatforms) = postSolution
		{3E7E125F-0E2D-40DB-9B23-0CF1721BFD49}.Debug|Any CPU.ActiveCfg = Debug|Any CPU
		{3E7E125F-0E2D-40DB-9B23-0CF1721BFD49}.Debug|Any CPU.Build.0 = Debug|Any CPU
		{3E7E125F-0E2D-40DB-9B23-0CF1721BFD49}.Release|Any CPU.ActiveCfg = Release|Any CPU
		{3E7E125F-0E2D-40DB-9B23-0CF1721BFD49}.Release|Any CPU.Build.0 = Release|Any CPU
	EndGlobalSection
	GlobalSection(SolutionProperties) = preSolution
		HideSolutionNode = FALSE
	EndGlobalSection
EndGlobal
